
Microsoft Visual Studio Solution File, Format Version 12.00
# Visual Studio Version 17
VisualStudioVersion = 17.14.36811.4 d17.14
MinimumVisualStudioVersion = 10.0.40219.1
Project("{8BC9CEB8-8B4A-11D0-8D11-00A0C91BC942}") = "myproject", "myproject\myproject.vcxproj", "{32BE629D-91B7-4542-B334-0991D9C697EC}"
EndProject
Global
	GlobalSection(SolutionConfigurationPlatforms) = preSolution
		Debug|x64 = Debug|x64
		Debug|x86 = Debug|x86
		Release|x64 = Release|x64
		Release|x86 = Release|x86
	EndGlobalSection
	GlobalSection(ProjectConfigurationPlatforms) = postSolution
		{32BE629D-91B7-4542-B334-0991D9C697EC}.Debug|x64.ActiveCfg = Debug|x64
		{32BE629D-91B7-4542-B334-0991D9C697EC}.Debug|x64.Build.0 = Debug|x64
		{32BE629D-91B7-4542-B334-0991D9C697EC}.Debug|x86.ActiveCfg = Debug|Win32
		{32BE629D-91B7-4542-B334-0991D9C697EC}.Debug|x86.Build.0 = Debug|Win32
		{32BE629D-91B7-4542-B334-0991D9C697EC}.Release|x64.ActiveCfg = Release|x64
		{32BE629D-91B7-4542-B334-0991D9C697EC}.Release|x64.Build.0 = Release|x64
		{32BE629D-91B7-4542-B334-0991D9C697EC}.Release|x86.ActiveCfg = Release|Win32
		{32BE629D-91B7-4542-B334-0991D9C697EC}.Release|x86.Build.0 = Release|Win32
	EndGlobalSection
	GlobalSection(SolutionProperties) = preSolution
		HideSolutionNode = FALSE
	EndGlobalSection
	GlobalSection(ExtensibilityGlobals) = postSolution
		SolutionGuid = {FCA6B007-EE2B-45C6-9B3C-C634F19CBC20}
	EndGlobalSection
EndGlobal
